
Microsoft Visual Studio Solution File, Format Version 12.00
# Visual Studio 14
VisualStudioVersion = 14.0.24720.0
MinimumVisualStudioVersion = 10.0.40219.1
Project("{FAE04EC0-301F-11D3-BF4B-00C04F79EFBC}") = "MumbaiPitchGenerator", "MumbaiPitchGenerator\MumbaiPitchGenerator.csproj", "{FA4C188C-580B-4B60-865B-114E6DFD267F}"
EndProject
Global
	GlobalSection(SolutionConfigurationPlatforms) = preSolution
		Debug|Any CPU = Debug|Any CPU
		Release|Any CPU = Release|Any CPU
	EndGlobalSection
	GlobalSection(ProjectConfigurationPlatforms) = postSolution
		{FA4C188C-580B-4B60-865B-114E6DFD267F}.Debug|Any CPU.ActiveCfg = Debug|Any CPU
		{FA4C188C-580B-4B60-865B-114E6DFD267F}.Debug|Any CPU.Build.0 = Debug|Any CPU
		{FA4C188C-580B-4B60-865B-114E6DFD267F}.Release|Any CPU.ActiveCfg = Release|Any CPU
		{FA4C188C-580B-4B60-865B-114E6DFD267F}.Release|Any CPU.Build.0 = Release|Any CPU
	EndGlobalSection
	GlobalSection(SolutionProperties) = preSolution
		HideSolutionNode = FALSE
	EndGlobalSection
EndGlobal
